
Microsoft Visual Studio Solution File, Format Version 12.00
# Visual Studio 2013
VisualStudioVersion = 12.0.40629.0
MinimumVisualStudioVersion = 10.0.40219.1
Project("{FAE04EC0-301F-11D3-BF4B-00C04F79EFBC}") = "StockUI", "StockT\StockUI.csproj", "{F6BCA9B6-6298-4898-BC7B-D6FB44CD9ED0}"
EndProject
Project("{FAE04EC0-301F-11D3-BF4B-00C04F79EFBC}") = "StockDb", "StockDb\StockDb.csproj", "{B2A392DB-A10D-4981-8048-D9C99E85F901}"
EndProject
Project("{2150E333-8FDC-42A3-9474-1A3956D46DE8}") = ".nuget", ".nuget", "{F7AD796E-A38E-44CB-9AE6-3F88CAA8FE00}"
	ProjectSection(SolutionItems) = preProject
		.nuget\NuGet.Config = .nuget\NuGet.Config
		.nuget\NuGet.exe = .nuget\NuGet.exe
		.nuget\NuGet.pdb = .nuget\NuGet.pdb
		.nuget\NuGet.targets = .nuget\NuGet.targets
	EndProjectSection
EndProject
Project("{FAE04EC0-301F-11D3-BF4B-00C04F79EFBC}") = "Stock.Repository", "Stock.Repository\Stock.Repository.csproj", "{950B1E79-2D9A-429B-B558-F78D223493EC}"
EndProject
Project("{FAE04EC0-301F-11D3-BF4B-00C04F79EFBC}") = "Stock.Dto", "Stock.Dto\Stock.Dto.csproj", "{74E881EF-8A8C-47F5-B623-BF34F5501EF7}"
EndProject
Global
	GlobalSection(SolutionConfigurationPlatforms) = preSolution
		Debug|Any CPU = Debug|Any CPU
		Release|Any CPU = Release|Any CPU
	EndGlobalSection
	GlobalSection(ProjectConfigurationPlatforms) = postSolution
		{F6BCA9B6-6298-4898-BC7B-D6FB44CD9ED0}.Debug|Any CPU.ActiveCfg = Debug|Any CPU
		{F6BCA9B6-6298-4898-BC7B-D6FB44CD9ED0}.Debug|Any CPU.Build.0 = Debug|Any CPU
		{F6BCA9B6-6298-4898-BC7B-D6FB44CD9ED0}.Release|Any CPU.ActiveCfg = Release|Any CPU
		{F6BCA9B6-6298-4898-BC7B-D6FB44CD9ED0}.Release|Any CPU.Build.0 = Release|Any CPU
		{B2A392DB-A10D-4981-8048-D9C99E85F901}.Debug|Any CPU.ActiveCfg = Debug|Any CPU
		{B2A392DB-A10D-4981-8048-D9C99E85F901}.Debug|Any CPU.Build.0 = Debug|Any CPU
		{B2A392DB-A10D-4981-8048-D9C99E85F901}.Release|Any CPU.ActiveCfg = Release|Any CPU
		{B2A392DB-A10D-4981-8048-D9C99E85F901}.Release|Any CPU.Build.0 = Release|Any CPU
		{950B1E79-2D9A-429B-B558-F78D223493EC}.Debug|Any CPU.ActiveCfg = Debug|Any CPU
		{950B1E79-2D9A-429B-B558-F78D223493EC}.Debug|Any CPU.Build.0 = Debug|Any CPU
		{950B1E79-2D9A-429B-B558-F78D223493EC}.Release|Any CPU.ActiveCfg = Release|Any CPU
		{950B1E79-2D9A-429B-B558-F78D223493EC}.Release|Any CPU.Build.0 = Release|Any CPU
		{74E881EF-8A8C-47F5-B623-BF34F5501EF7}.Debug|Any CPU.ActiveCfg = Debug|Any CPU
		{74E881EF-8A8C-47F5-B623-BF34F5501EF7}.Debug|Any CPU.Build.0 = Debug|Any CPU
		{74E881EF-8A8C-47F5-B623-BF34F5501EF7}.Release|Any CPU.ActiveCfg = Release|Any CPU
		{74E881EF-8A8C-47F5-B623-BF34F5501EF7}.Release|Any CPU.Build.0 = Release|Any CPU
	EndGlobalSection
	GlobalSection(SolutionProperties) = preSolution
		HideSolutionNode = FALSE
	EndGlobalSection
EndGlobal
